
Microsoft Visual Studio Solution File, Format Version 12.00
# Visual Studio Version 17
VisualStudioVersion = 17.2.32505.173
MinimumVisualStudioVersion = 10.0.40219.1
Project("{FAE04EC0-301F-11D3-BF4B-00C04F79EFBC}") = "First For Mvc Project", "First For Mvc Project\First For Mvc Project.csproj", "{E46A7748-1541-4529-B09E-A7E755853A03}"
EndProject
Global
	GlobalSection(SolutionConfigurationPlatforms) = preSolution
		Debug|Any CPU = Debug|Any CPU
		Release|Any CPU = Release|Any CPU
	EndGlobalSection
	GlobalSection(ProjectConfigurationPlatforms) = postSolution
		{E46A7748-1541-4529-B09E-A7E755853A03}.Debug|Any CPU.ActiveCfg = Debug|Any CPU
		{E46A7748-1541-4529-B09E-A7E755853A03}.Debug|Any CPU.Build.0 = Debug|Any CPU
		{E46A7748-1541-4529-B09E-A7E755853A03}.Release|Any CPU.ActiveCfg = Release|Any CPU
		{E46A7748-1541-4529-B09E-A7E755853A03}.Release|Any CPU.Build.0 = Release|Any CPU
	EndGlobalSection
	GlobalSection(SolutionProperties) = preSolution
		HideSolutionNode = FALSE
	EndGlobalSection
	GlobalSection(ExtensibilityGlobals) = postSolution
		SolutionGuid = {61F63900-6AF5-45C8-B95B-BD4E7B253DE7}
	EndGlobalSection
EndGlobal
